PODS:
  - shared (1.0):
    - TMMChannel
    - TMMUIKit
  - TMMChannel (0.1.1)
  - TMMUIKit (0.0.1)

DEPENDENCIES:
  - shared (from `../shared`)
  - TMMChannel (from `../iOSComponents/TMMChannel`)
  - TMMUIKit (from `../iOSComponents/TMMUIKit`)

EXTERNAL SOURCES:
  shared:
    :path: "../shared"
  TMMChannel:
    :path: "../iOSComponents/TMMChannel"
  TMMUIKit:
    :path: "../iOSComponents/TMMUIKit"

SPEC CHECKSUMS:
  shared: 6807bac54e0eaf70481b20c7d82541b8cc7b5d06
  TMMChannel: 2ec2d0250cb0c5b7c03f21fd5e6b4c199ca6180b
  TMMUIKit: a36436923b9649d8a016891f223dd0be0a25137b

PODFILE CHECKSUM: 875a844fef6cf19174e959da526af0a8d582d8a3

COCOAPODS: 1.11.3
